
Microsoft Visual Studio Solution File, Format Version 12.00
# Visual Studio Version 17
VisualStudioVersion = 17.4.33110.190
MinimumVisualStudioVersion = 10.0.40219.1
Project("{FAE04EC0-301F-11D3-BF4B-00C04F79EFBC}") = "Students.Api", "Students.Api\Students.Api.csproj", "{912731F6-810C-4718-AE1A-26E3B31FED97}"
EndProject
Global
	GlobalSection(SolutionConfigurationPlatforms) = preSolution
		Debug|Any CPU = Debug|Any CPU
		Release|Any CPU = Release|Any CPU
	EndGlobalSection
	GlobalSection(ProjectConfigurationPlatforms) = postSolution
		{912731F6-810C-4718-AE1A-26E3B31FED97}.Debug|Any CPU.ActiveCfg = Debug|Any CPU
		{912731F6-810C-4718-AE1A-26E3B31FED97}.Debug|Any CPU.Build.0 = Debug|Any CPU
		{912731F6-810C-4718-AE1A-26E3B31FED97}.Release|Any CPU.ActiveCfg = Release|Any CPU
		{912731F6-810C-4718-AE1A-26E3B31FED97}.Release|Any CPU.Build.0 = Release|Any CPU
	EndGlobalSection
	GlobalSection(SolutionProperties) = preSolution
		HideSolutionNode = FALSE
	EndGlobalSection
	GlobalSection(ExtensibilityGlobals) = postSolution
		SolutionGuid = {1A79EC5B-A317-44E2-A666-9B249C16833C}
	EndGlobalSection
EndGlobal
